Microsoft Visual Studio Solution File, Format Version 12.00
# Visual Studio 15
VisualStudioVersion = 15.0.27004.2002
MinimumVisualStudioVersion = 15.0.26124.0
Project("{9A19103F-16F7-4668-BE54-9A1E7A4F7556}") = "LabManager.WebService", "LabManager.WebService\LabManager.WebService.csproj", "{79216933-8A2D-4B71-BE5D-94004AD70617}"
EndProject
Project("{9A19103F-16F7-4668-BE54-9A1E7A4F7556}") = "LabManager.WebService.Tests", "LabManager.WebService.Tests\LabManager.WebService.Tests.csproj", "{AE82C247-2E42-4CDD-83E6-98B3E69E2DEE}"
EndProject
Project("{9A19103F-16F7-4668-BE54-9A1E7A4F7556}") = "LabManager.Common", "LabManager.Common\LabManager.Common.csproj", "{216E2834-8D00-4E75-B38B-B33545B0696A}"
EndProject
Project("{9A19103F-16F7-4668-BE54-9A1E7A4F7556}") = "LabManager.Services", "LabManager.Services\LabManager.Services.csproj", "{1F7B470D-D3CB-401A-B286-0F8E40BD6C9E}"
EndProject
Project("{9A19103F-16F7-4668-BE54-9A1E7A4F7556}") = "LabManager.Services.Tests", "LabManager.Services.Tests\LabManager.Services.Tests.csproj", "{7A5BD372-621E-47ED-9CC7-F91758E4FEB7}"
EndProject
Project("{9A19103F-16F7-4668-BE54-9A1E7A4F7556}") = "LabManager.DbModel", "LabManager.DbModel\LabManager.DbModel.csproj", "{B1CF6E6D-9953-4FD5-B111-D77CAC79D731}"
EndProject
Project("{9A19103F-16F7-4668-BE54-9A1E7A4F7556}") = "QAutomation.Extensions", "QAutomation.Extensions\QAutomation.Extensions.csproj", "{DFB01B7A-209A-4961-8E79-D196FA911D14}"
EndProject
Project("{9A19103F-16F7-4668-BE54-9A1E7A4F7556}") = "QAutomation.Extensions.Tests", "QAutomation.Extensions.Tests\QAutomation.Extensions.Tests.csproj", "{CD30600B-5683-4DC8-8726-5555E00684F9}"
EndProject
Project("{2150E333-8FDC-42A3-9474-1A3956D46DE8}") = "Core", "Core", "{6A5B7A7C-C479-4695-9DE2-E65B3D8F85A3}"
EndProject
Project("{9A19103F-16F7-4668-BE54-9A1E7A4F7556}") = "QAutomation.Core", "Core\QAutomation.Core\QAutomation.Core.csproj", "{75E14834-2459-43C1-8B6C-00ED5A42FC84}"
EndProject
Project("{9A19103F-16F7-4668-BE54-9A1E7A4F7556}") = "QAutomation.Core.Tests", "Core\QAutomation.Core.Tests\QAutomation.Core.Tests.csproj", "{D59E64A8-23CE-4810-B937-11EEB2D1D40A}"
EndProject
Project("{9A19103F-16F7-4668-BE54-9A1E7A4F7556}") = "QAutomation.Core.Services", "Core\QAutomation.Core.Services\QAutomation.Core.Services.csproj", "{C12CC790-C2EF-41CF-AF38-2F6B5A359778}"
EndProject
Project("{9A19103F-16F7-4668-BE54-9A1E7A4F7556}") = "QAutomation.Core.Services.Tests", "Core\QAutomation.Core.Services.Tests\QAutomation.Core.Services.Tests.csproj", "{226C9AC5-36C8-468D-A27B-0984D058AF47}"
EndProject
Project("{2150E333-8FDC-42A3-9474-1A3956D46DE8}") = "Tests", "Tests", "{67BC1F31-3C50-4BEE-AAF2-B953A5A5A483}"
EndProject
Project("{9A19103F-16F7-4668-BE54-9A1E7A4F7556}") = "LabManager.IntegrationTests", "Tests\LabManager.IntegrationTests\LabManager.IntegrationTests.csproj", "{A1EBB3BF-3584-4D77-88C5-38A97192AEF5}"
EndProject
Project("{2150E333-8FDC-42A3-9474-1A3956D46DE8}") = "submodules", "submodules", "{D7D513C1-B033-4FEE-A4EA-4752202409E9}"
EndProject
Project("{9A19103F-16F7-4668-BE54-9A1E7A4F7556}") = "Saturn72.Core", "..\submodules\saturn72\src\NetCore\Saturn72.Core\Saturn72.Core.csproj", "{74F99681-219B-4755-99C6-4CB25AFE788A}"
EndProject
Project("{9A19103F-16F7-4668-BE54-9A1E7A4F7556}") = "Saturn72.Core.Services", "..\submodules\saturn72\src\NetCore\Saturn72.Core.Services\Saturn72.Core.Services.csproj", "{C0580555-03B4-49DC-AC92-F4B4B2EF7E89}"
EndProject
Project("{9A19103F-16F7-4668-BE54-9A1E7A4F7556}") = "Saturn72.Core.Services.Tests", "..\submodules\saturn72\src\NetCore\Saturn72.Core.Services.Tests\Saturn72.Core.Services.Tests.csproj", "{4B0F9684-AC81-4248-A645-80E85BCA7CF0}"
EndProject
Project("{9A19103F-16F7-4668-BE54-9A1E7A4F7556}") = "Saturn72.Core.Tests", "..\submodules\saturn72\src\NetCore\Saturn72.Core.Tests\Saturn72.Core.Tests.csproj", "{77BFBE37-EACE-406B-A959-64B2EF86F3E8}"
EndProject
Project("{9A19103F-16F7-4668-BE54-9A1E7A4F7556}") = "Saturn72.Extensions", "..\submodules\saturn72\submodules\saturn72.Extensions\src\Saturn72.Extensions\Saturn72.Extensions.csproj", "{99D641A7-DF94-4443-B81D-B817FBC11C29}"
EndProject
Project("{9A19103F-16F7-4668-BE54-9A1E7A4F7556}") = "Saturn72.Extensions.Tests", "..\submodules\saturn72\submodules\saturn72.Extensions\src\Saturn72.Extensions.Tests\Saturn72.Extensions.Tests.csproj", "{1CFFDE72-E3DE-4157-923A-CDCFF9CB4289}"
EndProject
Global
	GlobalSection(SolutionConfigurationPlatforms) = preSolution
		Debug|Any CPU = Debug|Any CPU
		Debug|x64 = Debug|x64
		Debug|x86 = Debug|x86
		Release|Any CPU = Release|Any CPU
		Release|x64 = Release|x64
		Release|x86 = Release|x86
	EndGlobalSection
	GlobalSection(ProjectConfigurationPlatforms) = postSolution
		{79216933-8A2D-4B71-BE5D-94004AD70617}.Debug|Any CPU.ActiveCfg = Debug|Any CPU
		{79216933-8A2D-4B71-BE5D-94004AD70617}.Debug|Any CPU.Build.0 = Debug|Any CPU
		{79216933-8A2D-4B71-BE5D-94004AD70617}.Debug|x64.ActiveCfg = Debug|Any CPU
		{79216933-8A2D-4B71-BE5D-94004AD70617}.Debug|x64.Build.0 = Debug|Any CPU
		{79216933-8A2D-4B71-BE5D-94004AD70617}.Debug|x86.ActiveCfg = Debug|Any CPU
		{79216933-8A2D-4B71-BE5D-94004AD70617}.Debug|x86.Build.0 = Debug|Any CPU
		{79216933-8A2D-4B71-BE5D-94004AD70617}.Release|Any CPU.ActiveCfg = Release|Any CPU
		{79216933-8A2D-4B71-BE5D-94004AD70617}.Release|Any CPU.Build.0 = Release|Any CPU
		{79216933-8A2D-4B71-BE5D-94004AD70617}.Release|x64.ActiveCfg = Release|Any CPU
		{79216933-8A2D-4B71-BE5D-94004AD70617}.Release|x64.Build.0 = Release|Any CPU
		{79216933-8A2D-4B71-BE5D-94004AD70617}.Release|x86.ActiveCfg = Release|Any CPU
		{79216933-8A2D-4B71-BE5D-94004AD70617}.Release|x86.Build.0 = Release|Any CPU
		{AE82C247-2E42-4CDD-83E6-98B3E69E2DEE}.Debug|Any CPU.ActiveCfg = Debug|Any CPU
		{AE82C247-2E42-4CDD-83E6-98B3E69E2DEE}.Debug|Any CPU.Build.0 = Debug|Any CPU
		{AE82C247-2E42-4CDD-83E6-98B3E69E2DEE}.Debug|x64.ActiveCfg = Debug|Any CPU
		{AE82C247-2E42-4CDD-83E6-98B3E69E2DEE}.Debug|x64.Build.0 = Debug|Any CPU
		{AE82C247-2E42-4CDD-83E6-98B3E69E2DEE}.Debug|x86.ActiveCfg = Debug|Any CPU
		{AE82C247-2E42-4CDD-83E6-98B3E69E2DEE}.Debug|x86.Build.0 = Debug|Any CPU
		{AE82C247-2E42-4CDD-83E6-98B3E69E2DEE}.Release|Any CPU.ActiveCfg = Release|Any CPU
		{AE82C247-2E42-4CDD-83E6-98B3E69E2DEE}.Release|Any CPU.Build.0 = Release|Any CPU
		{AE82C247-2E42-4CDD-83E6-98B3E69E2DEE}.Release|x64.ActiveCfg = Release|Any CPU
		{AE82C247-2E42-4CDD-83E6-98B3E69E2DEE}.Release|x64.Build.0 = Release|Any CPU
		{AE82C247-2E42-4CDD-83E6-98B3E69E2DEE}.Release|x86.ActiveCfg = Release|Any CPU
		{AE82C247-2E42-4CDD-83E6-98B3E69E2DEE}.Release|x86.Build.0 = Release|Any CPU
		{216E2834-8D00-4E75-B38B-B33545B0696A}.Debug|Any CPU.ActiveCfg = Debug|Any CPU
		{216E2834-8D00-4E75-B38B-B33545B0696A}.Debug|Any CPU.Build.0 = Debug|Any CPU
		{216E2834-8D00-4E75-B38B-B33545B0696A}.Debug|x64.ActiveCfg = Debug|Any CPU
		{216E2834-8D00-4E75-B38B-B33545B0696A}.Debug|x64.Build.0 = Debug|Any CPU
		{216E2834-8D00-4E75-B38B-B33545B0696A}.Debug|x86.ActiveCfg = Debug|Any CPU
		{216E2834-8D00-4E75-B38B-B33545B0696A}.Debug|x86.Build.0 = Debug|Any CPU
		{216E2834-8D00-4E75-B38B-B33545B0696A}.Release|Any CPU.ActiveCfg = Release|Any CPU
		{216E2834-8D00-4E75-B38B-B33545B0696A}.Release|Any CPU.Build.0 = Release|Any CPU
		{216E2834-8D00-4E75-B38B-B33545B0696A}.Release|x64.ActiveCfg = Release|Any CPU
		{216E2834-8D00-4E75-B38B-B33545B0696A}.Release|x64.Build.0 = Release|Any CPU
		{216E2834-8D00-4E75-B38B-B33545B0696A}.Release|x86.ActiveCfg = Release|Any CPU
		{216E2834-8D00-4E75-B38B-B33545B0696A}.Release|x86.Build.0 = Release|Any CPU
		{1F7B470D-D3CB-401A-B286-0F8E40BD6C9E}.Debug|Any CPU.ActiveCfg = Debug|Any CPU
		{1F7B470D-D3CB-401A-B286-0F8E40BD6C9E}.Debug|Any CPU.Build.0 = Debug|Any CPU
		{1F7B470D-D3CB-401A-B286-0F8E40BD6C9E}.Debug|x64.ActiveCfg = Debug|Any CPU
		{1F7B470D-D3CB-401A-B286-0F8E40BD6C9E}.Debug|x64.Build.0 = Debug|Any CPU
		{1F7B470D-D3CB-401A-B286-0F8E40BD6C9E}.Debug|x86.ActiveCfg = Debug|Any CPU
		{1F7B470D-D3CB-401A-B286-0F8E40BD6C9E}.Debug|x86.Build.0 = Debug|Any CPU
		{1F7B470D-D3CB-401A-B286-0F8E40BD6C9E}.Release|Any CPU.ActiveCfg = Release|Any CPU
		{1F7B470D-D3CB-401A-B286-0F8E40BD6C9E}.Release|Any CPU.Build.0 = Release|Any CPU
		{1F7B470D-D3CB-401A-B286-0F8E40BD6C9E}.Release|x64.ActiveCfg = Release|Any CPU
		{1F7B470D-D3CB-401A-B286-0F8E40BD6C9E}.Release|x64.Build.0 = Release|Any CPU
		{1F7B470D-D3CB-401A-B286-0F8E40BD6C9E}.Release|x86.ActiveCfg = Release|Any CPU
		{1F7B470D-D3CB-401A-B286-0F8E40BD6C9E}.Release|x86.Build.0 = Release|Any CPU
		{7A5BD372-621E-47ED-9CC7-F91758E4FEB7}.Debug|Any CPU.ActiveCfg = Debug|Any CPU
		{7A5BD372-621E-47ED-9CC7-F91758E4FEB7}.Debug|Any CPU.Build.0 = Debug|Any CPU
		{7A5BD372-621E-47ED-9CC7-F91758E4FEB7}.Debug|x64.ActiveCfg = Debug|Any CPU
		{7A5BD372-621E-47ED-9CC7-F91758E4FEB7}.Debug|x64.Build.0 = Debug|Any CPU
		{7A5BD372-621E-47ED-9CC7-F91758E4FEB7}.Debug|x86.ActiveCfg = Debug|Any CPU
		{7A5BD372-621E-47ED-9CC7-F91758E4FEB7}.Debug|x86.Build.0 = Debug|Any CPU
		{7A5BD372-621E-47ED-9CC7-F91758E4FEB7}.Release|Any CPU.ActiveCfg = Release|Any CPU
		{7A5BD372-621E-47ED-9CC7-F91758E4FEB7}.Release|Any CPU.Build.0 = Release|Any CPU
		{7A5BD372-621E-47ED-9CC7-F91758E4FEB7}.Release|x64.ActiveCfg = Release|Any CPU
		{7A5BD372-621E-47ED-9CC7-F91758E4FEB7}.Release|x64.Build.0 = Release|Any CPU
		{7A5BD372-621E-47ED-9CC7-F91758E4FEB7}.Release|x86.ActiveCfg = Release|Any CPU
		{7A5BD372-621E-47ED-9CC7-F91758E4FEB7}.Release|x86.Build.0 = Release|Any CPU
		{B1CF6E6D-9953-4FD5-B111-D77CAC79D731}.Debug|Any CPU.ActiveCfg = Debug|Any CPU
		{B1CF6E6D-9953-4FD5-B111-D77CAC79D731}.Debug|Any CPU.Build.0 = Debug|Any CPU
		{B1CF6E6D-9953-4FD5-B111-D77CAC79D731}.Debug|x64.ActiveCfg = Debug|Any CPU
		{B1CF6E6D-9953-4FD5-B111-D77CAC79D731}.Debug|x64.Build.0 = Debug|Any CPU
		{B1CF6E6D-9953-4FD5-B111-D77CAC79D731}.Debug|x86.ActiveCfg = Debug|Any CPU
		{B1CF6E6D-9953-4FD5-B111-D77CAC79D731}.Debug|x86.Build.0 = Debug|Any CPU
		{B1CF6E6D-9953-4FD5-B111-D77CAC79D731}.Release|Any CPU.ActiveCfg = Release|Any CPU
		{B1CF6E6D-9953-4FD5-B111-D77CAC79D731}.Release|Any CPU.Build.0 = Release|Any CPU
		{B1CF6E6D-9953-4FD5-B111-D77CAC79D731}.Release|x64.ActiveCfg = Release|Any CPU
		{B1CF6E6D-9953-4FD5-B111-D77CAC79D731}.Release|x64.Build.0 = Release|Any CPU
		{B1CF6E6D-9953-4FD5-B111-D77CAC79D731}.Release|x86.ActiveCfg = Release|Any CPU
		{B1CF6E6D-9953-4FD5-B111-D77CAC79D731}.Release|x86.Build.0 = Release|Any CPU
		{DFB01B7A-209A-4961-8E79-D196FA911D14}.Debug|Any CPU.ActiveCfg = Debug|Any CPU
		{DFB01B7A-209A-4961-8E79-D196FA911D14}.Debug|Any CPU.Build.0 = Debug|Any CPU
		{DFB01B7A-209A-4961-8E79-D196FA911D14}.Debug|x64.ActiveCfg = Debug|Any CPU
		{DFB01B7A-209A-4961-8E79-D196FA911D14}.Debug|x64.Build.0 = Debug|Any CPU
		{DFB01B7A-209A-4961-8E79-D196FA911D14}.Debug|x86.ActiveCfg = Debug|Any CPU
		{DFB01B7A-209A-4961-8E79-D196FA911D14}.Debug|x86.Build.0 = Debug|Any CPU
		{DFB01B7A-209A-4961-8E79-D196FA911D14}.Release|Any CPU.ActiveCfg = Release|Any CPU
		{DFB01B7A-209A-4961-8E79-D196FA911D14}.Release|Any CPU.Build.0 = Release|Any CPU
		{DFB01B7A-209A-4961-8E79-D196FA911D14}.Release|x64.ActiveCfg = Release|Any CPU
		{DFB01B7A-209A-4961-8E79-D196FA911D14}.Release|x64.Build.0 = Release|Any CPU
		{DFB01B7A-209A-4961-8E79-D196FA911D14}.Release|x86.ActiveCfg = Release|Any CPU
		{DFB01B7A-209A-4961-8E79-D196FA911D14}.Release|x86.Build.0 = Release|Any CPU
		{CD30600B-5683-4DC8-8726-5555E00684F9}.Debug|Any CPU.ActiveCfg = Debug|Any CPU
		{CD30600B-5683-4DC8-8726-5555E00684F9}.Debug|Any CPU.Build.0 = Debug|Any CPU
		{CD30600B-5683-4DC8-8726-5555E00684F9}.Debug|x64.ActiveCfg = Debug|Any CPU
		{CD30600B-5683-4DC8-8726-5555E00684F9}.Debug|x64.Build.0 = Debug|Any CPU
		{CD30600B-5683-4DC8-8726-5555E00684F9}.Debug|x86.ActiveCfg = Debug|Any CPU
		{CD30600B-5683-4DC8-8726-5555E00684F9}.Debug|x86.Build.0 = Debug|Any CPU
		{CD30600B-5683-4DC8-8726-5555E00684F9}.Release|Any CPU.ActiveCfg = Release|Any CPU
		{CD30600B-5683-4DC8-8726-5555E00684F9}.Release|Any CPU.Build.0 = Release|Any CPU
		{CD30600B-5683-4DC8-8726-5555E00684F9}.Release|x64.ActiveCfg = Release|Any CPU
		{CD30600B-5683-4DC8-8726-5555E00684F9}.Release|x64.Build.0 = Release|Any CPU
		{CD30600B-5683-4DC8-8726-5555E00684F9}.Release|x86.ActiveCfg = Release|Any CPU
		{CD30600B-5683-4DC8-8726-5555E00684F9}.Release|x86.Build.0 = Release|Any CPU
		{75E14834-2459-43C1-8B6C-00ED5A42FC84}.Debug|Any CPU.ActiveCfg = Debug|Any CPU
		{75E14834-2459-43C1-8B6C-00ED5A42FC84}.Debug|Any CPU.Build.0 = Debug|Any CPU
		{75E14834-2459-43C1-8B6C-00ED5A42FC84}.Debug|x64.ActiveCfg = Debug|Any CPU
		{75E14834-2459-43C1-8B6C-00ED5A42FC84}.Debug|x64.Build.0 = Debug|Any CPU
		{75E14834-2459-43C1-8B6C-00ED5A42FC84}.Debug|x86.ActiveCfg = Debug|Any CPU
		{75E14834-2459-43C1-8B6C-00ED5A42FC84}.Debug|x86.Build.0 = Debug|Any CPU
		{75E14834-2459-43C1-8B6C-00ED5A42FC84}.Release|Any CPU.ActiveCfg = Release|Any CPU
		{75E14834-2459-43C1-8B6C-00ED5A42FC84}.Release|Any CPU.Build.0 = Release|Any CPU
		{75E14834-2459-43C1-8B6C-00ED5A42FC84}.Release|x64.ActiveCfg = Release|Any CPU
		{75E14834-2459-43C1-8B6C-00ED5A42FC84}.Release|x64.Build.0 = Release|Any CPU
		{75E14834-2459-43C1-8B6C-00ED5A42FC84}.Release|x86.ActiveCfg = Release|Any CPU
		{75E14834-2459-43C1-8B6C-00ED5A42FC84}.Release|x86.Build.0 = Release|Any CPU
		{D59E64A8-23CE-4810-B937-11EEB2D1D40A}.Debug|Any CPU.ActiveCfg = Debug|Any CPU
		{D59E64A8-23CE-4810-B937-11EEB2D1D40A}.Debug|Any CPU.Build.0 = Debug|Any CPU
		{D59E64A8-23CE-4810-B937-11EEB2D1D40A}.Debug|x64.ActiveCfg = Debug|Any CPU
		{D59E64A8-23CE-4810-B937-11EEB2D1D40A}.Debug|x64.Build.0 = Debug|Any CPU
		{D59E64A8-23CE-4810-B937-11EEB2D1D40A}.Debug|x86.ActiveCfg = Debug|Any CPU
		{D59E64A8-23CE-4810-B937-11EEB2D1D40A}.Debug|x86.Build.0 = Debug|Any CPU
		{D59E64A8-23CE-4810-B937-11EEB2D1D40A}.Release|Any CPU.ActiveCfg = Release|Any CPU
		{D59E64A8-23CE-4810-B937-11EEB2D1D40A}.Release|Any CPU.Build.0 = Release|Any CPU
		{D59E64A8-23CE-4810-B937-11EEB2D1D40A}.Release|x64.ActiveCfg = Release|Any CPU
		{D59E64A8-23CE-4810-B937-11EEB2D1D40A}.Release|x64.Build.0 = Release|Any CPU
		{D59E64A8-23CE-4810-B937-11EEB2D1D40A}.Release|x86.ActiveCfg = Release|Any CPU
		{D59E64A8-23CE-4810-B937-11EEB2D1D40A}.Release|x86.Build.0 = Release|Any CPU
		{C12CC790-C2EF-41CF-AF38-2F6B5A359778}.Debug|Any CPU.ActiveCfg = Debug|Any CPU
		{C12CC790-C2EF-41CF-AF38-2F6B5A359778}.Debug|Any CPU.Build.0 = Debug|Any CPU
		{C12CC790-C2EF-41CF-AF38-2F6B5A359778}.Debug|x64.ActiveCfg = Debug|Any CPU
		{C12CC790-C2EF-41CF-AF38-2F6B5A359778}.Debug|x64.Build.0 = Debug|Any CPU
		{C12CC790-C2EF-41CF-AF38-2F6B5A359778}.Debug|x86.ActiveCfg = Debug|Any CPU
		{C12CC790-C2EF-41CF-AF38-2F6B5A359778}.Debug|x86.Build.0 = Debug|Any CPU
		{C12CC790-C2EF-41CF-AF38-2F6B5A359778}.Release|Any CPU.ActiveCfg = Release|Any CPU
		{C12CC790-C2EF-41CF-AF38-2F6B5A359778}.Release|Any CPU.Build.0 = Release|Any CPU
		{C12CC790-C2EF-41CF-AF38-2F6B5A359778}.Release|x64.ActiveCfg = Release|Any CPU
		{C12CC790-C2EF-41CF-AF38-2F6B5A359778}.Release|x64.Build.0 = Release|Any CPU
		{C12CC790-C2EF-41CF-AF38-2F6B5A359778}.Release|x86.ActiveCfg = Release|Any CPU
		{C12CC790-C2EF-41CF-AF38-2F6B5A359778}.Release|x86.Build.0 = Release|Any CPU
		{226C9AC5-36C8-468D-A27B-0984D058AF47}.Debug|Any CPU.ActiveCfg = Debug|Any CPU
		{226C9AC5-36C8-468D-A27B-0984D058AF47}.Debug|Any CPU.Build.0 = Debug|Any CPU
		{226C9AC5-36C8-468D-A27B-0984D058AF47}.Debug|x64.ActiveCfg = Debug|Any CPU
		{226C9AC5-36C8-468D-A27B-0984D058AF47}.Debug|x64.Build.0 = Debug|Any CPU
		{226C9AC5-36C8-468D-A27B-0984D058AF47}.Debug|x86.ActiveCfg = Debug|Any CPU
		{226C9AC5-36C8-468D-A27B-0984D058AF47}.Debug|x86.Build.0 = Debug|Any CPU
		{226C9AC5-36C8-468D-A27B-0984D058AF47}.Release|Any CPU.ActiveCfg = Release|Any CPU
		{226C9AC5-36C8-468D-A27B-0984D058AF47}.Release|Any CPU.Build.0 = Release|Any CPU
		{226C9AC5-36C8-468D-A27B-0984D058AF47}.Release|x64.ActiveCfg = Release|Any CPU
		{226C9AC5-36C8-468D-A27B-0984D058AF47}.Release|x64.Build.0 = Release|Any CPU
		{226C9AC5-36C8-468D-A27B-0984D058AF47}.Release|x86.ActiveCfg = Release|Any CPU
		{226C9AC5-36C8-468D-A27B-0984D058AF47}.Release|x86.Build.0 = Release|Any CPU
		{A1EBB3BF-3584-4D77-88C5-38A97192AEF5}.Debug|Any CPU.ActiveCfg = Debug|Any CPU
		{A1EBB3BF-3584-4D77-88C5-38A97192AEF5}.Debug|Any CPU.Build.0 = Debug|Any CPU
		{A1EBB3BF-3584-4D77-88C5-38A97192AEF5}.Debug|x64.ActiveCfg = Debug|Any CPU
		{A1EBB3BF-3584-4D77-88C5-38A97192AEF5}.Debug|x64.Build.0 = Debug|Any CPU
		{A1EBB3BF-3584-4D77-88C5-38A97192AEF5}.Debug|x86.ActiveCfg = Debug|Any CPU
		{A1EBB3BF-3584-4D77-88C5-38A97192AEF5}.Debug|x86.Build.0 = Debug|Any CPU
		{A1EBB3BF-3584-4D77-88C5-38A97192AEF5}.Release|Any CPU.ActiveCfg = Release|Any CPU
		{A1EBB3BF-3584-4D77-88C5-38A97192AEF5}.Release|Any CPU.Build.0 = Release|Any CPU
		{A1EBB3BF-3584-4D77-88C5-38A97192AEF5}.Release|x64.ActiveCfg = Release|Any CPU
		{A1EBB3BF-3584-4D77-88C5-38A97192AEF5}.Release|x64.Build.0 = Release|Any CPU
		{A1EBB3BF-3584-4D77-88C5-38A97192AEF5}.Release|x86.ActiveCfg = Release|Any CPU
		{A1EBB3BF-3584-4D77-88C5-38A97192AEF5}.Release|x86.Build.0 = Release|Any CPU
		{74F99681-219B-4755-99C6-4CB25AFE788A}.Debug|Any CPU.ActiveCfg = Debug|Any CPU
		{74F99681-219B-4755-99C6-4CB25AFE788A}.Debug|Any CPU.Build.0 = Debug|Any CPU
		{74F99681-219B-4755-99C6-4CB25AFE788A}.Debug|x64.ActiveCfg = Debug|Any CPU
		{74F99681-219B-4755-99C6-4CB25AFE788A}.Debug|x64.Build.0 = Debug|Any CPU
		{74F99681-219B-4755-99C6-4CB25AFE788A}.Debug|x86.ActiveCfg = Debug|Any CPU
		{74F99681-219B-4755-99C6-4CB25AFE788A}.Debug|x86.Build.0 = Debug|Any CPU
		{74F99681-219B-4755-99C6-4CB25AFE788A}.Release|Any CPU.ActiveCfg = Release|Any CPU
		{74F99681-219B-4755-99C6-4CB25AFE788A}.Release|Any CPU.Build.0 = Release|Any CPU
		{74F99681-219B-4755-99C6-4CB25AFE788A}.Release|x64.ActiveCfg = Release|Any CPU
		{74F99681-219B-4755-99C6-4CB25AFE788A}.Release|x64.Build.0 = Release|Any CPU
		{74F99681-219B-4755-99C6-4CB25AFE788A}.Release|x86.ActiveCfg = Release|Any CPU
		{74F99681-219B-4755-99C6-4CB25AFE788A}.Release|x86.Build.0 = Release|Any CPU
		{C0580555-03B4-49DC-AC92-F4B4B2EF7E89}.Debug|Any CPU.ActiveCfg = Debug|Any CPU
		{C0580555-03B4-49DC-AC92-F4B4B2EF7E89}.Debug|Any CPU.Build.0 = Debug|Any CPU
		{C0580555-03B4-49DC-AC92-F4B4B2EF7E89}.Debug|x64.ActiveCfg = Debug|Any CPU
		{C0580555-03B4-49DC-AC92-F4B4B2EF7E89}.Debug|x64.Build.0 = Debug|Any CPU
		{C0580555-03B4-49DC-AC92-F4B4B2EF7E89}.Debug|x86.ActiveCfg = Debug|Any CPU
		{C0580555-03B4-49DC-AC92-F4B4B2EF7E89}.Debug|x86.Build.0 = Debug|Any CPU
		{C0580555-03B4-49DC-AC92-F4B4B2EF7E89}.Release|Any CPU.ActiveCfg = Release|Any CPU
		{C0580555-03B4-49DC-AC92-F4B4B2EF7E89}.Release|Any CPU.Build.0 = Release|Any CPU
		{C0580555-03B4-49DC-AC92-F4B4B2EF7E89}.Release|x64.ActiveCfg = Release|Any CPU
		{C0580555-03B4-49DC-AC92-F4B4B2EF7E89}.Release|x64.Build.0 = Release|Any CPU
		{C0580555-03B4-49DC-AC92-F4B4B2EF7E89}.Release|x86.ActiveCfg = Release|Any CPU
		{C0580555-03B4-49DC-AC92-F4B4B2EF7E89}.Release|x86.Build.0 = Release|Any CPU
		{4B0F9684-AC81-4248-A645-80E85BCA7CF0}.Debug|Any CPU.ActiveCfg = Debug|Any CPU
		{4B0F9684-AC81-4248-A645-80E85BCA7CF0}.Debug|Any CPU.Build.0 = Debug|Any CPU
		{4B0F9684-AC81-4248-A645-80E85BCA7CF0}.Debug|x64.ActiveCfg = Debug|Any CPU
		{4B0F9684-AC81-4248-A645-80E85BCA7CF0}.Debug|x64.Build.0 = Debug|Any CPU
		{4B0F9684-AC81-4248-A645-80E85BCA7CF0}.Debug|x86.ActiveCfg = Debug|Any CPU
		{4B0F9684-AC81-4248-A645-80E85BCA7CF0}.Debug|x86.Build.0 = Debug|Any CPU
		{4B0F9684-AC81-4248-A645-80E85BCA7CF0}.Release|Any CPU.ActiveCfg = Release|Any CPU
		{4B0F9684-AC81-4248-A645-80E85BCA7CF0}.Release|Any CPU.Build.0 = Release|Any CPU
		{4B0F9684-AC81-4248-A645-80E85BCA7CF0}.Release|x64.ActiveCfg = Release|Any CPU
		{4B0F9684-AC81-4248-A645-80E85BCA7CF0}.Release|x64.Build.0 = Release|Any CPU
		{4B0F9684-AC81-4248-A645-80E85BCA7CF0}.Release|x86.ActiveCfg = Release|Any CPU
		{4B0F9684-AC81-4248-A645-80E85BCA7CF0}.Release|x86.Build.0 = Release|Any CPU
		{77BFBE37-EACE-406B-A959-64B2EF86F3E8}.Debug|Any CPU.ActiveCfg = Debug|Any CPU
		{77BFBE37-EACE-406B-A959-64B2EF86F3E8}.Debug|Any CPU.Build.0 = Debug|Any CPU
		{77BFBE37-EACE-406B-A959-64B2EF86F3E8}.Debug|x64.ActiveCfg = Debug|Any CPU
		{77BFBE37-EACE-406B-A959-64B2EF86F3E8}.Debug|x64.Build.0 = Debug|Any CPU
		{77BFBE37-EACE-406B-A959-64B2EF86F3E8}.Debug|x86.ActiveCfg = Debug|Any CPU
		{77BFBE37-EACE-406B-A959-64B2EF86F3E8}.Debug|x86.Build.0 = Debug|Any CPU
		{77BFBE37-EACE-406B-A959-64B2EF86F3E8}.Release|Any CPU.ActiveCfg = Release|Any CPU
		{77BFBE37-EACE-406B-A959-64B2EF86F3E8}.Release|Any CPU.Build.0 = Release|Any CPU
		{77BFBE37-EACE-406B-A959-64B2EF86F3E8}.Release|x64.ActiveCfg = Release|Any CPU
		{77BFBE37-EACE-406B-A959-64B2EF86F3E8}.Release|x64.Build.0 = Release|Any CPU
		{77BFBE37-EACE-406B-A959-64B2EF86F3E8}.Release|x86.ActiveCfg = Release|Any CPU
		{77BFBE37-EACE-406B-A959-64B2EF86F3E8}.Release|x86.Build.0 = Release|Any CPU
		{99D641A7-DF94-4443-B81D-B817FBC11C29}.Debug|Any CPU.ActiveCfg = Debug|Any CPU
		{99D641A7-DF94-4443-B81D-B817FBC11C29}.Debug|Any CPU.Build.0 = Debug|Any CPU
		{99D641A7-DF94-4443-B81D-B817FBC11C29}.Debug|x64.ActiveCfg = Debug|Any CPU
		{99D641A7-DF94-4443-B81D-B817FBC11C29}.Debug|x64.Build.0 = Debug|Any CPU
		{99D641A7-DF94-4443-B81D-B817FBC11C29}.Debug|x86.ActiveCfg = Debug|Any CPU
		{99D641A7-DF94-4443-B81D-B817FBC11C29}.Debug|x86.Build.0 = Debug|Any CPU
		{99D641A7-DF94-4443-B81D-B817FBC11C29}.Release|Any CPU.ActiveCfg = Release|Any CPU
		{99D641A7-DF94-4443-B81D-B817FBC11C29}.Release|Any CPU.Build.0 = Release|Any CPU
		{99D641A7-DF94-4443-B81D-B817FBC11C29}.Release|x64.ActiveCfg = Release|Any CPU
		{99D641A7-DF94-4443-B81D-B817FBC11C29}.Release|x64.Build.0 = Release|Any CPU
		{99D641A7-DF94-4443-B81D-B817FBC11C29}.Release|x86.ActiveCfg = Release|Any CPU
		{99D641A7-DF94-4443-B81D-B817FBC11C29}.Release|x86.Build.0 = Release|Any CPU
		{1CFFDE72-E3DE-4157-923A-CDCFF9CB4289}.Debug|Any CPU.ActiveCfg = Debug|Any CPU
		{1CFFDE72-E3DE-4157-923A-CDCFF9CB4289}.Debug|Any CPU.Build.0 = Debug|Any CPU
		{1CFFDE72-E3DE-4157-923A-CDCFF9CB4289}.Debug|x64.ActiveCfg = Debug|Any CPU
		{1CFFDE72-E3DE-4157-923A-CDCFF9CB4289}.Debug|x64.Build.0 = Debug|Any CPU
		{1CFFDE72-E3DE-4157-923A-CDCFF9CB4289}.Debug|x86.ActiveCfg = Debug|Any CPU
		{1CFFDE72-E3DE-4157-923A-CDCFF9CB4289}.Debug|x86.Build.0 = Debug|Any CPU
		{1CFFDE72-E3DE-4157-923A-CDCFF9CB4289}.Release|Any CPU.ActiveCfg = Release|Any CPU
		{1CFFDE72-E3DE-4157-923A-CDCFF9CB4289}.Release|Any CPU.Build.0 = Release|Any CPU
		{1CFFDE72-E3DE-4157-923A-CDCFF9CB4289}.Release|x64.ActiveCfg = Release|Any CPU
		{1CFFDE72-E3DE-4157-923A-CDCFF9CB4289}.Release|x64.Build.0 = Release|Any CPU
		{1CFFDE72-E3DE-4157-923A-CDCFF9CB4289}.Release|x86.ActiveCfg = Release|Any CPU
		{1CFFDE72-E3DE-4157-923A-CDCFF9CB4289}.Release|x86.Build.0 = Release|Any CPU
	EndGlobalSection
	GlobalSection(SolutionProperties) = preSolution
		HideSolutionNode = FALSE
	EndGlobalSection
	GlobalSection(NestedProjects) = preSolution
		{75E14834-2459-43C1-8B6C-00ED5A42FC84} = {6A5B7A7C-C479-4695-9DE2-E65B3D8F85A3}
		{D59E64A8-23CE-4810-B937-11EEB2D1D40A} = {6A5B7A7C-C479-4695-9DE2-E65B3D8F85A3}
		{C12CC790-C2EF-41CF-AF38-2F6B5A359778} = {6A5B7A7C-C479-4695-9DE2-E65B3D8F85A3}
		{226C9AC5-36C8-468D-A27B-0984D058AF47} = {6A5B7A7C-C479-4695-9DE2-E65B3D8F85A3}
		{A1EBB3BF-3584-4D77-88C5-38A97192AEF5} = {67BC1F31-3C50-4BEE-AAF2-B953A5A5A483}
		{74F99681-219B-4755-99C6-4CB25AFE788A} = {D7D513C1-B033-4FEE-A4EA-4752202409E9}
		{C0580555-03B4-49DC-AC92-F4B4B2EF7E89} = {D7D513C1-B033-4FEE-A4EA-4752202409E9}
		{4B0F9684-AC81-4248-A645-80E85BCA7CF0} = {D7D513C1-B033-4FEE-A4EA-4752202409E9}
		{77BFBE37-EACE-406B-A959-64B2EF86F3E8} = {D7D513C1-B033-4FEE-A4EA-4752202409E9}
		{99D641A7-DF94-4443-B81D-B817FBC11C29} = {D7D513C1-B033-4FEE-A4EA-4752202409E9}
		{1CFFDE72-E3DE-4157-923A-CDCFF9CB4289} = {D7D513C1-B033-4FEE-A4EA-4752202409E9}
	EndGlobalSection
	GlobalSection(ExtensibilityGlobals) = postSolution
		SolutionGuid = {7DF4EAE3-B7CB-4FAF-BFD6-4DB7244BAE85}
	EndGlobalSection
EndGlobal
